{
  "name": "fingerprinting",
  "version": "1.0.0",
  "lockfileVersion": 2,
  "requires": true,
  "packages": {
    "": {
      "name": "fingerprinting",
      "version": "1.0.0",
      "license": "ISC",
      "dependencies": {
        "@fingerprintjs/fingerprintjs-pro": "^3.6.1"
      }
    },
    "node_modules/@fingerprintjs/fingerprintjs-pro": {
      "version": "3.6.1",
      "resolved": "https://registry.npmjs.org/@fingerprintjs/fingerprintjs-pro/-/fingerprintjs-pro-3.6.1.tgz",
      "integrity": "sha512-10A5sNcYRds3VNxDULfLbpRR67ONj8kiz19fSHSm6BpDD7wi0BrjkLmOPEDUTH+jBr88VAHxEIhD39fgL+g89Q==",
      "dependencies": {
        "tslib": "^2.0.1"
      }
    },
    "node_modules/tslib": {
      "version": "2.3.1",
      "resolved": "https://registry.npmjs.org/tslib/-/tslib-2.3.1.tgz",
      "integrity": "sha512-77EbyPPpMz+FRFRuAFlWMtmgUWGe9UOG2Z25NqCwiIjRhOf5iKGuzSe5P2w1laq+FkRy4p+PCuVkJSGkzTEKVw=="
    }
  },
  "dependencies": {
    "@fingerprintjs/fingerprintjs-pro": {
      "version": "3.6.1",
      "resolved": "https://registry.npmjs.org/@fingerprintjs/fingerprintjs-pro/-/fingerprintjs-pro-3.6.1.tgz",
      "integrity": "sha512-10A5sNcYRds3VNxDULfLbpRR67ONj8kiz19fSHSm6BpDD7wi0BrjkLmOPEDUTH+jBr88VAHxEIhD39fgL+g89Q==",
      "requires": {
        "tslib": "^2.0.1"
      }
    },
    "tslib": {
      "version": "2.3.1",
      "resolved": "https://registry.npmjs.org/tslib/-/tslib-2.3.1.tgz",
      "integrity": "sha512-77EbyPPpMz+FRFRuAFlWMtmgUWGe9UOG2Z25NqCwiIjRhOf5iKGuzSe5P2w1laq+FkRy4p+PCuVkJSGkzTEKVw=="
    }
  }
}
